
Microsoft Visual Studio Solution File, Format Version 12.00
# Visual Studio Version 16
VisualStudioVersion = 16.0.31613.86
MinimumVisualStudioVersion = 10.0.40219.1
Project("{FAE04EC0-301F-11D3-BF4B-00C04F79EFBC}") = "MYDemo", "MYDemo\MYDemo.csproj", "{139D00F9-0BB1-42E2-877A-D8E9A805EF71}"
EndProject
Global
	GlobalSection(SolutionConfigurationPlatforms) = preSolution
		Debug|Any CPU = Debug|Any CPU
		Release|Any CPU = Release|Any CPU
	EndGlobalSection
	GlobalSection(ProjectConfigurationPlatforms) = postSolution
		{139D00F9-0BB1-42E2-877A-D8E9A805EF71}.Debug|Any CPU.ActiveCfg = Debug|Any CPU
		{139D00F9-0BB1-42E2-877A-D8E9A805EF71}.Debug|Any CPU.Build.0 = Debug|Any CPU
		{139D00F9-0BB1-42E2-877A-D8E9A805EF71}.Release|Any CPU.ActiveCfg = Release|Any CPU
		{139D00F9-0BB1-42E2-877A-D8E9A805EF71}.Release|Any CPU.Build.0 = Release|Any CPU
	EndGlobalSection
	GlobalSection(SolutionProperties) = preSolution
		HideSolutionNode = FALSE
	EndGlobalSection
	GlobalSection(ExtensibilityGlobals) = postSolution
		SolutionGuid = {4FFC0475-8F3D-4985-9FAD-124085EACAC2}
	EndGlobalSection
EndGlobal
